{
  "lockfileVersion": 1,
  "configVersion": 1,
  "workspaces": {
    "": {
      "dependencies": {
        "@google/generative-ai": "^0.24.1",
      },
    },
  },
  "packages": {
    "@google/generative-ai": ["@google/generative-ai@0.24.1", "", {}, "sha512-MqO+MLfM6kjxcKoy0p1wRzG3b4ZZXtPI+z2IE26UogS2Cm/XHO+7gGRBh6gcJsOiIVoH93UwKvW4HdgiOZCy9Q=="],
  }
}
